{
  "requires": true,
  "lockfileVersion": 1,
  "dependencies": {
    "intersection-observer": {
      "version": "0.5.1",
      "resolved": "https://registry.npmjs.org/intersection-observer/-/intersection-observer-0.5.1.tgz",
      "integrity": "sha512-Zd7Plneq82kiXFixs7bX62YnuZ0BMRci9br7io88LwDyF3V43cQMI+G5IiTlTNTt+LsDUppl19J/M2Fp9UkH6g=="
    },
    "vue": {
      "version": "2.6.10",
      "resolved": "https://registry.npmjs.org/vue/-/vue-2.6.10.tgz",
      "integrity": "sha512-ImThpeNU9HbdZL3utgMCq0oiMzAkt1mcgy3/E6zWC/G6AaQoeuFdsl9nDhTDU3X1R6FK7nsIUuRACVcjI+A2GQ=="
    },
    "vue-google-adsense": {
      "version": "1.8.0",
      "resolved": "https://registry.npmjs.org/vue-google-adsense/-/vue-google-adsense-1.8.0.tgz",
      "integrity": "sha512-NAN+/yD73KA9mXeRw2Fu/njCTYNGmB2S445WOgGfmiUYV3mddwXcI7EhVC5baJ/jDbbN5fKfgCjX3bOBscxX/Q==",
      "requires": {
        "vue": "^2.6.10",
        "vue-script2": "2.1.0"
      }
    },
    "vue-script2": {
      "version": "2.1.0",
      "resolved": "https://registry.npmjs.org/vue-script2/-/vue-script2-2.1.0.tgz",
      "integrity": "sha512-EDUOjQBFvhkJXwmWuUR9ijlF7/4JtmvjXSKaHSa/LNTMy9ltjgKgYB68aqlxgq8ORdSxowd5eo24P1syjZJnBA=="
    },
    "vue-tiny-lazyload-img": {
      "version": "0.1.0",
      "resolved": "https://registry.npmjs.org/vue-tiny-lazyload-img/-/vue-tiny-lazyload-img-0.1.0.tgz",
      "integrity": "sha512-b574zhip5onhkUi2dN9CImExdJXL8066TNsqmQ7c1g8fXO8M6wH6V5Rm1nXVruGws9V01BcTbqL1qgohoFl5Bg==",
      "requires": {
        "intersection-observer": "^0.5.1",
        "vue": "^2.6.6",
        "vue-google-adsense": "^1.3.0"
      }
    }
  }
}
